
Microsoft Visual Studio Solution File, Format Version 12.00
# Visual Studio Version 17
VisualStudioVersion = 17.8.34330.188
MinimumVisualStudioVersion = 10.0.40219.1
Project("{FAE04EC0-301F-11D3-BF4B-00C04F79EFBC}") = "WebAPISERVICELAYERPROJECT", "WebAPISERVICELAYERPROJECT\WebAPISERVICELAYERPROJECT.csproj", "{A8E3ABCC-72AB-49CF-8B45-2973631BD40F}"
EndProject
Global
	GlobalSection(SolutionConfigurationPlatforms) = preSolution
		Debug|Any CPU = Debug|Any CPU
		Release|Any CPU = Release|Any CPU
	EndGlobalSection
	GlobalSection(ProjectConfigurationPlatforms) = postSolution
		{A8E3ABCC-72AB-49CF-8B45-2973631BD40F}.Debug|Any CPU.ActiveCfg = Debug|Any CPU
		{A8E3ABCC-72AB-49CF-8B45-2973631BD40F}.Debug|Any CPU.Build.0 = Debug|Any CPU
		{A8E3ABCC-72AB-49CF-8B45-2973631BD40F}.Release|Any CPU.ActiveCfg = Release|Any CPU
		{A8E3ABCC-72AB-49CF-8B45-2973631BD40F}.Release|Any CPU.Build.0 = Release|Any CPU
	EndGlobalSection
	GlobalSection(SolutionProperties) = preSolution
		HideSolutionNode = FALSE
	EndGlobalSection
	GlobalSection(ExtensibilityGlobals) = postSolution
		SolutionGuid = {5A53095C-0698-4B30-ADBB-50441DD12989}
	EndGlobalSection
EndGlobal
